{
    "_readme": [
        "This file locks the dependencies of your project to a known state",
        "Read more about it at http://getcomposer.org/doc/01-basic-usage.md#composer-lock-the-lock-file"
    ],
    "hash": "02d2881cf89cf49d1752cb9333d85f3a",
    "packages": [
        {
            "name": "gregwar/captcha",
            "version": "dev-master",
            "target-dir": "Gregwar/Captcha",
            "source": {
                "type": "git",
                "url": "https://github.com/Gregwar/Captcha.git",
                "reference": "fde37ddb83f44eab018f6a43368407e5430482ed"
            },
            "dist": {
                "type": "zip",
                "url": "https://api.github.com/repos/Gregwar/Captcha/zipball/fde37ddb83f44eab018f6a43368407e5430482ed",
                "reference": "fde37ddb83f44eab018f6a43368407e5430482ed",
                "shasum": ""
            },
            "require": {
                "ext-gd": "*",
                "php": ">=5.3.0"
            },
            "type": "captcha",
            "autoload": {
                "psr-0": {
                    "Gregwar\\Captcha": ""
                }
            },
            "notification-url": "https://packagist.org/downloads/",
            "license": [
                "MIT"
            ],
            "authors": [
                {
                    "name": "Grégoire Passault",
                    "email": "g.passault@gmail.com",
                    "homepage": "http://www.gregwar.com/"
                },
                {
                    "name": "Jeremy Livingston",
                    "email": "jeremy.j.livingston@gmail.com"
                }
            ],
            "description": "Captcha generator",
            "homepage": "https://github.com/Gregwar/Captcha",
            "keywords": [
                "bot",
                "captcha",
                "spam"
            ],
            "time": "2014-10-27 10:07:51"
        }
    ],
    "packages-dev": [],
    "aliases": [],
    "minimum-stability": "stable",
    "stability-flags": {
        "gregwar/captcha": 20
    },
    "platform": [],
    "platform-dev": []
}
